
Microsoft Visual Studio Solution File, Format Version 12.00
# Visual Studio Version 16
VisualStudioVersion = 16.0.29613.14
MinimumVisualStudioVersion = 10.0.40219.1
Project("{9A19103F-16F7-4668-BE54-9A1E7A4F7556}") = "GeoCam.Api", "src\GeoCam.Api\GeoCam.Api.csproj", "{BAC98348-8CC9-42F5-87A5-B2348601EA2D}"
EndProject
Project("{2150E333-8FDC-42A3-9474-1A3956D46DE8}") = "Api", "Api", "{9B2CD1F9-34A9-4A9B-8C46-2C8A85A08DCD}"
EndProject
Global
	GlobalSection(SolutionConfigurationPlatforms) = preSolution
		Debug|Any CPU = Debug|Any CPU
		Release|Any CPU = Release|Any CPU
	EndGlobalSection
	GlobalSection(ProjectConfigurationPlatforms) = postSolution
		{BAC98348-8CC9-42F5-87A5-B2348601EA2D}.Debug|Any CPU.ActiveCfg = Debug|Any CPU
		{BAC98348-8CC9-42F5-87A5-B2348601EA2D}.Debug|Any CPU.Build.0 = Debug|Any CPU
		{BAC98348-8CC9-42F5-87A5-B2348601EA2D}.Release|Any CPU.ActiveCfg = Release|Any CPU
		{BAC98348-8CC9-42F5-87A5-B2348601EA2D}.Release|Any CPU.Build.0 = Release|Any CPU
	EndGlobalSection
	GlobalSection(SolutionProperties) = preSolution
		HideSolutionNode = FALSE
	EndGlobalSection
	GlobalSection(NestedProjects) = preSolution
		{BAC98348-8CC9-42F5-87A5-B2348601EA2D} = {9B2CD1F9-34A9-4A9B-8C46-2C8A85A08DCD}
	EndGlobalSection
	GlobalSection(ExtensibilityGlobals) = postSolution
		SolutionGuid = {F987F8F0-628C-49C0-8D5E-D88241038F41}
	EndGlobalSection
EndGlobal
