
Microsoft Visual Studio Solution File, Format Version 12.00
# Visual Studio Version 16
VisualStudioVersion = 16.0.29613.14
MinimumVisualStudioVersion = 10.0.40219.1
Project("{9A19103F-16F7-4668-BE54-9A1E7A4F7556}") = "GeoCam.Api", "src\GeoCam.Api\GeoCam.Api.csproj", "{BAC98348-8CC9-42F5-87A5-B2348601EA2D}"
EndProject
Project("{2150E333-8FDC-42A3-9474-1A3956D46DE8}") = "Api", "Api", "{9B2CD1F9-34A9-4A9B-8C46-2C8A85A08DCD}"
EndProject
Project("{2150E333-8FDC-42A3-9474-1A3956D46DE8}") = "Cli", "Cli", "{2D6BF458-C0A0-4F28-BA76-D046EFA9FAA9}"
EndProject
Project("{9A19103F-16F7-4668-BE54-9A1E7A4F7556}") = "GeoCam.Cli.Search", "src\GeoCam.Cli.Search\GeoCam.Cli.Search.csproj", "{6AF2C477-FF96-4892-8741-73D754DD7E89}"
EndProject
Project("{2150E333-8FDC-42A3-9474-1A3956D46DE8}") = "Lib", "Lib", "{CCC4CA29-58D4-4CAE-897C-C6B28D91F98F}"
EndProject
Project("{9A19103F-16F7-4668-BE54-9A1E7A4F7556}") = "GeoCam.Lib", "src\GeoCam.Lib\GeoCam.Lib.csproj", "{866B0AF4-6142-4FF5-992C-6A2CB69F9B71}"
EndProject
Project("{FAE04EC0-301F-11D3-BF4B-00C04F79EFBC}") = "GeoCam.Api.Migrations", "src\GeoCam.Api.Migrations\GeoCam.Api.Migrations.csproj", "{B7A182E5-4AEA-4257-9F8B-256B40B2733D}"
EndProject
Global
	GlobalSection(SolutionConfigurationPlatforms) = preSolution
		Debug|Any CPU = Debug|Any CPU
		Release|Any CPU = Release|Any CPU
	EndGlobalSection
	GlobalSection(ProjectConfigurationPlatforms) = postSolution
		{BAC98348-8CC9-42F5-87A5-B2348601EA2D}.Debug|Any CPU.ActiveCfg = Debug|Any CPU
		{BAC98348-8CC9-42F5-87A5-B2348601EA2D}.Debug|Any CPU.Build.0 = Debug|Any CPU
		{BAC98348-8CC9-42F5-87A5-B2348601EA2D}.Release|Any CPU.ActiveCfg = Release|Any CPU
		{BAC98348-8CC9-42F5-87A5-B2348601EA2D}.Release|Any CPU.Build.0 = Release|Any CPU
		{6AF2C477-FF96-4892-8741-73D754DD7E89}.Debug|Any CPU.ActiveCfg = Debug|Any CPU
		{6AF2C477-FF96-4892-8741-73D754DD7E89}.Debug|Any CPU.Build.0 = Debug|Any CPU
		{6AF2C477-FF96-4892-8741-73D754DD7E89}.Release|Any CPU.ActiveCfg = Release|Any CPU
		{6AF2C477-FF96-4892-8741-73D754DD7E89}.Release|Any CPU.Build.0 = Release|Any CPU
		{866B0AF4-6142-4FF5-992C-6A2CB69F9B71}.Debug|Any CPU.ActiveCfg = Debug|Any CPU
		{866B0AF4-6142-4FF5-992C-6A2CB69F9B71}.Debug|Any CPU.Build.0 = Debug|Any CPU
		{866B0AF4-6142-4FF5-992C-6A2CB69F9B71}.Release|Any CPU.ActiveCfg = Release|Any CPU
		{866B0AF4-6142-4FF5-992C-6A2CB69F9B71}.Release|Any CPU.Build.0 = Release|Any CPU
		{B7A182E5-4AEA-4257-9F8B-256B40B2733D}.Debug|Any CPU.ActiveCfg = Debug|Any CPU
		{B7A182E5-4AEA-4257-9F8B-256B40B2733D}.Debug|Any CPU.Build.0 = Debug|Any CPU
		{B7A182E5-4AEA-4257-9F8B-256B40B2733D}.Release|Any CPU.ActiveCfg = Release|Any CPU
		{B7A182E5-4AEA-4257-9F8B-256B40B2733D}.Release|Any CPU.Build.0 = Release|Any CPU
	EndGlobalSection
	GlobalSection(SolutionProperties) = preSolution
		HideSolutionNode = FALSE
	EndGlobalSection
	GlobalSection(NestedProjects) = preSolution
		{BAC98348-8CC9-42F5-87A5-B2348601EA2D} = {9B2CD1F9-34A9-4A9B-8C46-2C8A85A08DCD}
		{6AF2C477-FF96-4892-8741-73D754DD7E89} = {2D6BF458-C0A0-4F28-BA76-D046EFA9FAA9}
		{866B0AF4-6142-4FF5-992C-6A2CB69F9B71} = {CCC4CA29-58D4-4CAE-897C-C6B28D91F98F}
		{B7A182E5-4AEA-4257-9F8B-256B40B2733D} = {9B2CD1F9-34A9-4A9B-8C46-2C8A85A08DCD}
	EndGlobalSection
	GlobalSection(ExtensibilityGlobals) = postSolution
		SolutionGuid = {F987F8F0-628C-49C0-8D5E-D88241038F41}
	EndGlobalSection
EndGlobal
